
Microsoft Visual Studio Solution File, Format Version 12.00
# Visual Studio Version 16
VisualStudioVersion = 16.0.30717.126
MinimumVisualStudioVersion = 10.0.40219.1
Project("{9A19103F-16F7-4668-BE54-9A1E7A4F7556}") = "Inventory", "Inventory\Inventory.csproj", "{DA2B7058-9724-4A02-82DC-A9C149477C5E}"
EndProject
Project("{9A19103F-16F7-4668-BE54-9A1E7A4F7556}") = "Entities", "Entities\Entities.csproj", "{E4C27638-B01A-42A3-8186-FAF8EDA6BAF6}"
EndProject
Project("{FAE04EC0-301F-11D3-BF4B-00C04F79EFBC}") = "DataAccess", "DataAccess\DataAccess.csproj", "{5CE7568E-D40F-439D-9FE5-CFA922916BCF}"
EndProject
Global
	GlobalSection(SolutionConfigurationPlatforms) = preSolution
		Debug|Any CPU = Debug|Any CPU
		Release|Any CPU = Release|Any CPU
	EndGlobalSection
	GlobalSection(ProjectConfigurationPlatforms) = postSolution
		{DA2B7058-9724-4A02-82DC-A9C149477C5E}.Debug|Any CPU.ActiveCfg = Debug|Any CPU
		{DA2B7058-9724-4A02-82DC-A9C149477C5E}.Debug|Any CPU.Build.0 = Debug|Any CPU
		{DA2B7058-9724-4A02-82DC-A9C149477C5E}.Release|Any CPU.ActiveCfg = Release|Any CPU
		{DA2B7058-9724-4A02-82DC-A9C149477C5E}.Release|Any CPU.Build.0 = Release|Any CPU
		{E4C27638-B01A-42A3-8186-FAF8EDA6BAF6}.Debug|Any CPU.ActiveCfg = Debug|Any CPU
		{E4C27638-B01A-42A3-8186-FAF8EDA6BAF6}.Debug|Any CPU.Build.0 = Debug|Any CPU
		{E4C27638-B01A-42A3-8186-FAF8EDA6BAF6}.Release|Any CPU.ActiveCfg = Release|Any CPU
		{E4C27638-B01A-42A3-8186-FAF8EDA6BAF6}.Release|Any CPU.Build.0 = Release|Any CPU
		{5CE7568E-D40F-439D-9FE5-CFA922916BCF}.Debug|Any CPU.ActiveCfg = Debug|Any CPU
		{5CE7568E-D40F-439D-9FE5-CFA922916BCF}.Debug|Any CPU.Build.0 = Debug|Any CPU
		{5CE7568E-D40F-439D-9FE5-CFA922916BCF}.Release|Any CPU.ActiveCfg = Release|Any CPU
		{5CE7568E-D40F-439D-9FE5-CFA922916BCF}.Release|Any CPU.Build.0 = Release|Any CPU
	EndGlobalSection
	GlobalSection(SolutionProperties) = preSolution
		HideSolutionNode = FALSE
	EndGlobalSection
	GlobalSection(ExtensibilityGlobals) = postSolution
		SolutionGuid = {A921C6DE-54AA-4E53-8D93-B6C42F199D3E}
	EndGlobalSection
EndGlobal
