
Microsoft Visual Studio Solution File, Format Version 12.00
# Visual Studio Version 16
VisualStudioVersion = 16.0.30717.126
MinimumVisualStudioVersion = 10.0.40219.1
Project("{FAE04EC0-301F-11D3-BF4B-00C04F79EFBC}") = "Inventary", "Inventary\Inventary.csproj", "{DA2B7058-9724-4A02-82DC-A9C149477C5E}"
EndProject
Global
	GlobalSection(SolutionConfigurationPlatforms) = preSolution
		Debug|Any CPU = Debug|Any CPU
		Release|Any CPU = Release|Any CPU
	EndGlobalSection
	GlobalSection(ProjectConfigurationPlatforms) = postSolution
		{DA2B7058-9724-4A02-82DC-A9C149477C5E}.Debug|Any CPU.ActiveCfg = Debug|Any CPU
		{DA2B7058-9724-4A02-82DC-A9C149477C5E}.Debug|Any CPU.Build.0 = Debug|Any CPU
		{DA2B7058-9724-4A02-82DC-A9C149477C5E}.Release|Any CPU.ActiveCfg = Release|Any CPU
		{DA2B7058-9724-4A02-82DC-A9C149477C5E}.Release|Any CPU.Build.0 = Release|Any CPU
	EndGlobalSection
	GlobalSection(SolutionProperties) = preSolution
		HideSolutionNode = FALSE
	EndGlobalSection
	GlobalSection(ExtensibilityGlobals) = postSolution
		SolutionGuid = {A921C6DE-54AA-4E53-8D93-B6C42F199D3E}
	EndGlobalSection
EndGlobal
